
Microsoft Visual Studio Solution File, Format Version 12.00
# Visual Studio Version 17
VisualStudioVersion = 17.3.32901.215
MinimumVisualStudioVersion = 10.0.40219.1
Project("{FAE04EC0-301F-11D3-BF4B-00C04F79EFBC}") = "Pr.8.Zd.1", "Pr.8.Zd.1\Pr.8.Zd.1.csproj", "{C767F20C-EDCF-416A-98BA-19450F1D1768}"
EndProject
Global
	GlobalSection(SolutionConfigurationPlatforms) = preSolution
		Debug|Any CPU = Debug|Any CPU
		Release|Any CPU = Release|Any CPU
	EndGlobalSection
	GlobalSection(ProjectConfigurationPlatforms) = postSolution
		{C767F20C-EDCF-416A-98BA-19450F1D1768}.Debug|Any CPU.ActiveCfg = Debug|Any CPU
		{C767F20C-EDCF-416A-98BA-19450F1D1768}.Debug|Any CPU.Build.0 = Debug|Any CPU
		{C767F20C-EDCF-416A-98BA-19450F1D1768}.Release|Any CPU.ActiveCfg = Release|Any CPU
		{C767F20C-EDCF-416A-98BA-19450F1D1768}.Release|Any CPU.Build.0 = Release|Any CPU
	EndGlobalSection
	GlobalSection(SolutionProperties) = preSolution
		HideSolutionNode = FALSE
	EndGlobalSection
	GlobalSection(ExtensibilityGlobals) = postSolution
		SolutionGuid = {1FF15AE8-2B8E-473D-A9BE-4E14DDE4A032}
	EndGlobalSection
EndGlobal
